
Microsoft Visual Studio Solution File, Format Version 12.00
# Visual Studio Version 17
VisualStudioVersion = 17.9.34616.47
MinimumVisualStudioVersion = 10.0.40219.1
Project("{FAE04EC0-301F-11D3-BF4B-00C04F79EFBC}") = "EstudosIFRJ2024", "EstudosIFRJ2024\EstudosIFRJ2024.csproj", "{BC5E8EC5-E1BB-4C45-B09A-EB292404A540}"
EndProject
Global
	GlobalSection(SolutionConfigurationPlatforms) = preSolution
		Debug|Any CPU = Debug|Any CPU
		Release|Any CPU = Release|Any CPU
	EndGlobalSection
	GlobalSection(ProjectConfigurationPlatforms) = postSolution
		{BC5E8EC5-E1BB-4C45-B09A-EB292404A540}.Debug|Any CPU.ActiveCfg = Debug|Any CPU
		{BC5E8EC5-E1BB-4C45-B09A-EB292404A540}.Debug|Any CPU.Build.0 = Debug|Any CPU
		{BC5E8EC5-E1BB-4C45-B09A-EB292404A540}.Release|Any CPU.ActiveCfg = Release|Any CPU
		{BC5E8EC5-E1BB-4C45-B09A-EB292404A540}.Release|Any CPU.Build.0 = Release|Any CPU
	EndGlobalSection
	GlobalSection(SolutionProperties) = preSolution
		HideSolutionNode = FALSE
	EndGlobalSection
	GlobalSection(ExtensibilityGlobals) = postSolution
		SolutionGuid = {B1BC5754-7324-4EEE-AEAB-5950CB531593}
	EndGlobalSection
EndGlobal
